
Microsoft Visual Studio Solution File, Format Version 12.00
# Visual Studio Version 17
VisualStudioVersion = 17.8.34330.188
MinimumVisualStudioVersion = 10.0.40219.1
Project("{2150E333-8FDC-42A3-9474-1A3956D46DE8}") = "Services", "Services", "{C62B989F-6B36-4F30-A8F2-7E294757B281}"
EndProject
Project("{2150E333-8FDC-42A3-9474-1A3956D46DE8}") = "Tickets", "Tickets", "{FBBCF1B0-2C33-4DCE-84FA-4E18C3580BC6}"
EndProject
Project("{2150E333-8FDC-42A3-9474-1A3956D46DE8}") = "Core", "Core", "{76143FBE-B48F-4D7A-ABAD-3ED2EDDC35DA}"
EndProject
Project("{2150E333-8FDC-42A3-9474-1A3956D46DE8}") = "Infrastructure", "Infrastructure", "{3001284D-C5FD-43FC-A3E8-D437E35811BB}"
EndProject
Project("{9A19103F-16F7-4668-BE54-9A1E7A4F7556}") = "Application", "Application\Application.csproj", "{C9477FD0-FE85-4673-A1E5-10D01D07DADA}"
EndProject
Project("{9A19103F-16F7-4668-BE54-9A1E7A4F7556}") = "Domain", "Domain\Domain.csproj", "{1E0A98F5-E380-4929-98D6-ECB87683318E}"
EndProject
Project("{9A19103F-16F7-4668-BE54-9A1E7A4F7556}") = "Persistence", "Persistence\Persistence.csproj", "{46105244-BE39-41A4-A9F3-63612FBFE167}"
EndProject
Project("{2150E333-8FDC-42A3-9474-1A3956D46DE8}") = "Presentation", "Presentation", "{FB98D238-1D52-4558-86A2-F44BC9E21979}"
EndProject
Project("{9A19103F-16F7-4668-BE54-9A1E7A4F7556}") = "API", "API\API.csproj", "{FD68F8E0-996B-40F8-9D13-F7F23C39E12C}"
EndProject
Project("{2150E333-8FDC-42A3-9474-1A3956D46DE8}") = "Events", "Events", "{DA6A7C94-8839-462A-A104-CAD07972B115}"
EndProject
Project("{2150E333-8FDC-42A3-9474-1A3956D46DE8}") = "Feedbacks", "Feedbacks", "{C7999BD4-D84B-4313-8D11-82944A75185E}"
EndProject
Project("{9A19103F-16F7-4668-BE54-9A1E7A4F7556}") = "Events.WEBAPI", "Services\Events\Events\Events.WEBAPI.csproj", "{2B2EF84B-91A0-4FAE-BEA6-6FF504DBE0D7}"
EndProject
Project("{9A19103F-16F7-4668-BE54-9A1E7A4F7556}") = "Events.BLL", "Services\Events\Events.BLL\Events.BLL.csproj", "{2DAE0DB8-ACFB-4701-9070-7EB3454AD9E9}"
EndProject
Project("{9A19103F-16F7-4668-BE54-9A1E7A4F7556}") = "Events.DAL", "Services\Events\Events.DAL\Events.DAL.csproj", "{742176B2-7CD6-460D-B2C2-EB9488F4E619}"
EndProject
Project("{9A19103F-16F7-4668-BE54-9A1E7A4F7556}") = "Feedback.WEBAPI", "Services\Feedbacks\Feedback\Feedback.WEBAPI.csproj", "{E57FF911-58DC-4CEA-AC23-56532DB51D18}"
EndProject
Project("{9A19103F-16F7-4668-BE54-9A1E7A4F7556}") = "Feedback.DAL", "Services\Feedbacks\Feedback.DAL\Feedback.DAL.csproj", "{9D928099-43E2-4546-8932-D6E931CDB9D0}"
EndProject
Project("{00D1A9C2-B5F0-4AF3-8072-F6C62B433612}") = "Feedback.SqlDatabase", "Services\Feedbacks\Feedback.SqlDatabase\Feedback.SqlDatabase.sqlproj", "{0A78CB3C-C6D3-4716-A2F8-5A6EB8376243}"
EndProject
Global
	GlobalSection(SolutionConfigurationPlatforms) = preSolution
		Debug|Any CPU = Debug|Any CPU
		Release|Any CPU = Release|Any CPU
	EndGlobalSection
	GlobalSection(ProjectConfigurationPlatforms) = postSolution
		{C9477FD0-FE85-4673-A1E5-10D01D07DADA}.Debug|Any CPU.ActiveCfg = Debug|Any CPU
		{C9477FD0-FE85-4673-A1E5-10D01D07DADA}.Debug|Any CPU.Build.0 = Debug|Any CPU
		{C9477FD0-FE85-4673-A1E5-10D01D07DADA}.Release|Any CPU.ActiveCfg = Release|Any CPU
		{C9477FD0-FE85-4673-A1E5-10D01D07DADA}.Release|Any CPU.Build.0 = Release|Any CPU
		{1E0A98F5-E380-4929-98D6-ECB87683318E}.Debug|Any CPU.ActiveCfg = Debug|Any CPU
		{1E0A98F5-E380-4929-98D6-ECB87683318E}.Debug|Any CPU.Build.0 = Debug|Any CPU
		{1E0A98F5-E380-4929-98D6-ECB87683318E}.Release|Any CPU.ActiveCfg = Release|Any CPU
		{1E0A98F5-E380-4929-98D6-ECB87683318E}.Release|Any CPU.Build.0 = Release|Any CPU
		{46105244-BE39-41A4-A9F3-63612FBFE167}.Debug|Any CPU.ActiveCfg = Debug|Any CPU
		{46105244-BE39-41A4-A9F3-63612FBFE167}.Debug|Any CPU.Build.0 = Debug|Any CPU
		{46105244-BE39-41A4-A9F3-63612FBFE167}.Release|Any CPU.ActiveCfg = Release|Any CPU
		{46105244-BE39-41A4-A9F3-63612FBFE167}.Release|Any CPU.Build.0 = Release|Any CPU
		{FD68F8E0-996B-40F8-9D13-F7F23C39E12C}.Debug|Any CPU.ActiveCfg = Debug|Any CPU
		{FD68F8E0-996B-40F8-9D13-F7F23C39E12C}.Debug|Any CPU.Build.0 = Debug|Any CPU
		{FD68F8E0-996B-40F8-9D13-F7F23C39E12C}.Release|Any CPU.ActiveCfg = Release|Any CPU
		{FD68F8E0-996B-40F8-9D13-F7F23C39E12C}.Release|Any CPU.Build.0 = Release|Any CPU
		{2B2EF84B-91A0-4FAE-BEA6-6FF504DBE0D7}.Debug|Any CPU.ActiveCfg = Debug|Any CPU
		{2B2EF84B-91A0-4FAE-BEA6-6FF504DBE0D7}.Debug|Any CPU.Build.0 = Debug|Any CPU
		{2B2EF84B-91A0-4FAE-BEA6-6FF504DBE0D7}.Release|Any CPU.ActiveCfg = Release|Any CPU
		{2B2EF84B-91A0-4FAE-BEA6-6FF504DBE0D7}.Release|Any CPU.Build.0 = Release|Any CPU
		{2DAE0DB8-ACFB-4701-9070-7EB3454AD9E9}.Debug|Any CPU.ActiveCfg = Debug|Any CPU
		{2DAE0DB8-ACFB-4701-9070-7EB3454AD9E9}.Debug|Any CPU.Build.0 = Debug|Any CPU
		{2DAE0DB8-ACFB-4701-9070-7EB3454AD9E9}.Release|Any CPU.ActiveCfg = Release|Any CPU
		{2DAE0DB8-ACFB-4701-9070-7EB3454AD9E9}.Release|Any CPU.Build.0 = Release|Any CPU
		{742176B2-7CD6-460D-B2C2-EB9488F4E619}.Debug|Any CPU.ActiveCfg = Debug|Any CPU
		{742176B2-7CD6-460D-B2C2-EB9488F4E619}.Debug|Any CPU.Build.0 = Debug|Any CPU
		{742176B2-7CD6-460D-B2C2-EB9488F4E619}.Release|Any CPU.ActiveCfg = Release|Any CPU
		{742176B2-7CD6-460D-B2C2-EB9488F4E619}.Release|Any CPU.Build.0 = Release|Any CPU
		{E57FF911-58DC-4CEA-AC23-56532DB51D18}.Debug|Any CPU.ActiveCfg = Debug|Any CPU
		{E57FF911-58DC-4CEA-AC23-56532DB51D18}.Debug|Any CPU.Build.0 = Debug|Any CPU
		{E57FF911-58DC-4CEA-AC23-56532DB51D18}.Release|Any CPU.ActiveCfg = Release|Any CPU
		{E57FF911-58DC-4CEA-AC23-56532DB51D18}.Release|Any CPU.Build.0 = Release|Any CPU
		{9D928099-43E2-4546-8932-D6E931CDB9D0}.Debug|Any CPU.ActiveCfg = Debug|Any CPU
		{9D928099-43E2-4546-8932-D6E931CDB9D0}.Debug|Any CPU.Build.0 = Debug|Any CPU
		{9D928099-43E2-4546-8932-D6E931CDB9D0}.Release|Any CPU.ActiveCfg = Release|Any CPU
		{9D928099-43E2-4546-8932-D6E931CDB9D0}.Release|Any CPU.Build.0 = Release|Any CPU
		{0A78CB3C-C6D3-4716-A2F8-5A6EB8376243}.Debug|Any CPU.ActiveCfg = Debug|Any CPU
		{0A78CB3C-C6D3-4716-A2F8-5A6EB8376243}.Debug|Any CPU.Build.0 = Debug|Any CPU
		{0A78CB3C-C6D3-4716-A2F8-5A6EB8376243}.Debug|Any CPU.Deploy.0 = Debug|Any CPU
		{0A78CB3C-C6D3-4716-A2F8-5A6EB8376243}.Release|Any CPU.ActiveCfg = Release|Any CPU
		{0A78CB3C-C6D3-4716-A2F8-5A6EB8376243}.Release|Any CPU.Build.0 = Release|Any CPU
		{0A78CB3C-C6D3-4716-A2F8-5A6EB8376243}.Release|Any CPU.Deploy.0 = Release|Any CPU
	EndGlobalSection
	GlobalSection(SolutionProperties) = preSolution
		HideSolutionNode = FALSE
	EndGlobalSection
	GlobalSection(NestedProjects) = preSolution
		{FBBCF1B0-2C33-4DCE-84FA-4E18C3580BC6} = {C62B989F-6B36-4F30-A8F2-7E294757B281}
		{76143FBE-B48F-4D7A-ABAD-3ED2EDDC35DA} = {FBBCF1B0-2C33-4DCE-84FA-4E18C3580BC6}
		{3001284D-C5FD-43FC-A3E8-D437E35811BB} = {FBBCF1B0-2C33-4DCE-84FA-4E18C3580BC6}
		{C9477FD0-FE85-4673-A1E5-10D01D07DADA} = {76143FBE-B48F-4D7A-ABAD-3ED2EDDC35DA}
		{1E0A98F5-E380-4929-98D6-ECB87683318E} = {76143FBE-B48F-4D7A-ABAD-3ED2EDDC35DA}
		{46105244-BE39-41A4-A9F3-63612FBFE167} = {3001284D-C5FD-43FC-A3E8-D437E35811BB}
		{FB98D238-1D52-4558-86A2-F44BC9E21979} = {FBBCF1B0-2C33-4DCE-84FA-4E18C3580BC6}
		{FD68F8E0-996B-40F8-9D13-F7F23C39E12C} = {FB98D238-1D52-4558-86A2-F44BC9E21979}
		{DA6A7C94-8839-462A-A104-CAD07972B115} = {C62B989F-6B36-4F30-A8F2-7E294757B281}
		{C7999BD4-D84B-4313-8D11-82944A75185E} = {C62B989F-6B36-4F30-A8F2-7E294757B281}
		{2B2EF84B-91A0-4FAE-BEA6-6FF504DBE0D7} = {DA6A7C94-8839-462A-A104-CAD07972B115}
		{2DAE0DB8-ACFB-4701-9070-7EB3454AD9E9} = {DA6A7C94-8839-462A-A104-CAD07972B115}
		{742176B2-7CD6-460D-B2C2-EB9488F4E619} = {DA6A7C94-8839-462A-A104-CAD07972B115}
		{E57FF911-58DC-4CEA-AC23-56532DB51D18} = {C7999BD4-D84B-4313-8D11-82944A75185E}
		{9D928099-43E2-4546-8932-D6E931CDB9D0} = {C7999BD4-D84B-4313-8D11-82944A75185E}
		{0A78CB3C-C6D3-4716-A2F8-5A6EB8376243} = {C7999BD4-D84B-4313-8D11-82944A75185E}
	EndGlobalSection
	GlobalSection(ExtensibilityGlobals) = postSolution
		SolutionGuid = {824E56A7-9630-4CC9-828E-F5FDE9AC5CAC}
	EndGlobalSection
EndGlobal
