
Microsoft Visual Studio Solution File, Format Version 12.00
# Visual Studio Version 17
VisualStudioVersion = 17.8.34330.188
MinimumVisualStudioVersion = 10.0.40219.1
Project("{2150E333-8FDC-42A3-9474-1A3956D46DE8}") = "Services", "Services", "{C62B989F-6B36-4F30-A8F2-7E294757B281}"
EndProject
Project("{2150E333-8FDC-42A3-9474-1A3956D46DE8}") = "ServiceManagement", "ServiceManagement", "{8432CFCB-3657-4E63-BFA5-F5163A97DBE5}"
EndProject
Project("{9A19103F-16F7-4668-BE54-9A1E7A4F7556}") = "EF_ServiceManagment.WEBAPI", "Services\ServiceManagement\EF_ServiceManagment\EF_ServiceManagment.WEBAPI.csproj", "{4C7CB60F-445D-4523-ADE7-8DA18B35456B}"
EndProject
Project("{9A19103F-16F7-4668-BE54-9A1E7A4F7556}") = "EF_ServiceManagement.BLL", "Services\ServiceManagement\EF_ServiceManagement.BLL\EF_ServiceManagement.BLL.csproj", "{5CE67096-4FD4-48F4-AD80-51EAB875C98D}"
EndProject
Project("{9A19103F-16F7-4668-BE54-9A1E7A4F7556}") = "EF_ServiceManagement.DAL", "Services\ServiceManagement\EF_ServcieManagement.DAL\EF_ServiceManagement.DAL.csproj", "{CD87A590-4020-4FDD-AC93-987CEB33A632}"
EndProject
Global
	GlobalSection(SolutionConfigurationPlatforms) = preSolution
		Debug|Any CPU = Debug|Any CPU
		Release|Any CPU = Release|Any CPU
	EndGlobalSection
	GlobalSection(ProjectConfigurationPlatforms) = postSolution
		{4C7CB60F-445D-4523-ADE7-8DA18B35456B}.Debug|Any CPU.ActiveCfg = Debug|Any CPU
		{4C7CB60F-445D-4523-ADE7-8DA18B35456B}.Debug|Any CPU.Build.0 = Debug|Any CPU
		{4C7CB60F-445D-4523-ADE7-8DA18B35456B}.Release|Any CPU.ActiveCfg = Release|Any CPU
		{4C7CB60F-445D-4523-ADE7-8DA18B35456B}.Release|Any CPU.Build.0 = Release|Any CPU
		{5CE67096-4FD4-48F4-AD80-51EAB875C98D}.Debug|Any CPU.ActiveCfg = Debug|Any CPU
		{5CE67096-4FD4-48F4-AD80-51EAB875C98D}.Debug|Any CPU.Build.0 = Debug|Any CPU
		{5CE67096-4FD4-48F4-AD80-51EAB875C98D}.Release|Any CPU.ActiveCfg = Release|Any CPU
		{5CE67096-4FD4-48F4-AD80-51EAB875C98D}.Release|Any CPU.Build.0 = Release|Any CPU
		{CD87A590-4020-4FDD-AC93-987CEB33A632}.Debug|Any CPU.ActiveCfg = Debug|Any CPU
		{CD87A590-4020-4FDD-AC93-987CEB33A632}.Debug|Any CPU.Build.0 = Debug|Any CPU
		{CD87A590-4020-4FDD-AC93-987CEB33A632}.Release|Any CPU.ActiveCfg = Release|Any CPU
		{CD87A590-4020-4FDD-AC93-987CEB33A632}.Release|Any CPU.Build.0 = Release|Any CPU
	EndGlobalSection
	GlobalSection(SolutionProperties) = preSolution
		HideSolutionNode = FALSE
	EndGlobalSection
	GlobalSection(NestedProjects) = preSolution
		{8432CFCB-3657-4E63-BFA5-F5163A97DBE5} = {C62B989F-6B36-4F30-A8F2-7E294757B281}
		{4C7CB60F-445D-4523-ADE7-8DA18B35456B} = {8432CFCB-3657-4E63-BFA5-F5163A97DBE5}
		{5CE67096-4FD4-48F4-AD80-51EAB875C98D} = {8432CFCB-3657-4E63-BFA5-F5163A97DBE5}
		{CD87A590-4020-4FDD-AC93-987CEB33A632} = {8432CFCB-3657-4E63-BFA5-F5163A97DBE5}
	EndGlobalSection
	GlobalSection(ExtensibilityGlobals) = postSolution
		SolutionGuid = {824E56A7-9630-4CC9-828E-F5FDE9AC5CAC}
	EndGlobalSection
EndGlobal
