
Microsoft Visual Studio Solution File, Format Version 12.00
# Visual Studio Version 17
VisualStudioVersion = 17.8.34330.188
MinimumVisualStudioVersion = 10.0.40219.1
Project("{2150E333-8FDC-42A3-9474-1A3956D46DE8}") = "Services", "Services", "{C62B989F-6B36-4F30-A8F2-7E294757B281}"
EndProject
Project("{2150E333-8FDC-42A3-9474-1A3956D46DE8}") = "Events", "Events", "{DA6A7C94-8839-462A-A104-CAD07972B115}"
EndProject
Project("{2150E333-8FDC-42A3-9474-1A3956D46DE8}") = "Feedbacks", "Feedbacks", "{C7999BD4-D84B-4313-8D11-82944A75185E}"
EndProject
Project("{9A19103F-16F7-4668-BE54-9A1E7A4F7556}") = "Events.WEBAPI", "Services\Events\Events\Events.WEBAPI.csproj", "{2B2EF84B-91A0-4FAE-BEA6-6FF504DBE0D7}"
EndProject
Project("{9A19103F-16F7-4668-BE54-9A1E7A4F7556}") = "Events.BLL", "Services\Events\Events.BLL\Events.BLL.csproj", "{2DAE0DB8-ACFB-4701-9070-7EB3454AD9E9}"
EndProject
Project("{9A19103F-16F7-4668-BE54-9A1E7A4F7556}") = "Events.DAL", "Services\Events\Events.DAL\Events.DAL.csproj", "{742176B2-7CD6-460D-B2C2-EB9488F4E619}"
EndProject
Project("{9A19103F-16F7-4668-BE54-9A1E7A4F7556}") = "Feedback.WEBAPI", "Services\Feedbacks\Feedback\Feedback.WEBAPI.csproj", "{E57FF911-58DC-4CEA-AC23-56532DB51D18}"
EndProject
Project("{9A19103F-16F7-4668-BE54-9A1E7A4F7556}") = "Feedback.DAL", "Services\Feedbacks\Feedback.DAL\Feedback.DAL.csproj", "{9D928099-43E2-4546-8932-D6E931CDB9D0}"
EndProject
Project("{00D1A9C2-B5F0-4AF3-8072-F6C62B433612}") = "Feedback.SqlDatabase", "Services\Feedbacks\Feedback.SqlDatabase\Feedback.SqlDatabase.sqlproj", "{0A78CB3C-C6D3-4716-A2F8-5A6EB8376243}"
EndProject
Project("{2150E333-8FDC-42A3-9474-1A3956D46DE8}") = "Tickets", "Tickets", "{40246725-878A-4B47-9910-C2C86BB56DCF}"
EndProject
Project("{2150E333-8FDC-42A3-9474-1A3956D46DE8}") = "Core", "Core", "{E22AB4B1-0BE1-4C55-94C8-FC7BE869CD45}"
EndProject
Project("{9A19103F-16F7-4668-BE54-9A1E7A4F7556}") = "Application", "Services\Tickets\Core\Application\Application.csproj", "{FF92B1F1-9219-42E2-BCD3-7851A020DF3F}"
EndProject
Project("{9A19103F-16F7-4668-BE54-9A1E7A4F7556}") = "Domain", "Services\Tickets\Core\Domain\Domain.csproj", "{A3A2B321-36D1-4DBE-9B5C-4648015E6B6F}"
EndProject
Project("{2150E333-8FDC-42A3-9474-1A3956D46DE8}") = "Infrastructure", "Infrastructure", "{1C4EF546-B574-4EBF-9F51-0D2CEE7618C4}"
EndProject
Project("{9A19103F-16F7-4668-BE54-9A1E7A4F7556}") = "Persistence", "Services\Tickets\Infrastructure\Persistence\Persistence.csproj", "{53B28299-9651-441E-B0A7-BCD916FD022F}"
EndProject
Project("{2150E333-8FDC-42A3-9474-1A3956D46DE8}") = "Presentation", "Presentation", "{E0B3EB77-22C4-4129-8183-2DAADA14EB92}"
EndProject
Project("{9A19103F-16F7-4668-BE54-9A1E7A4F7556}") = "API", "Services\Tickets\Presentation\API\API.csproj", "{81E6EFB6-0C10-4414-9398-1234A2E5455C}"
EndProject
Project("{2150E333-8FDC-42A3-9474-1A3956D46DE8}") = "ApiGateways", "ApiGateways", "{3BFFFE02-E05B-4D52-9816-573CB3D2F5E6}"
EndProject
Project("{9A19103F-16F7-4668-BE54-9A1E7A4F7556}") = "EventAggregator", "EventAggregator\EventAggregator.csproj", "{3158041A-F039-4DB4-98D2-FC0039F4FF38}"
EndProject
Project("{9A19103F-16F7-4668-BE54-9A1E7A4F7556}") = "OcelotAPIGateway", "OcelotAPIGateway\OcelotAPIGateway.csproj", "{395AE2A1-11D4-4BA4-B8BF-E953AFBB2FE7}"
EndProject
Project("{2150E333-8FDC-42A3-9474-1A3956D46DE8}") = "Promotions", "Promotions", "{25BE2E2B-0C7D-4901-BD26-10020C535067}"
EndProject
Project("{FAE04EC0-301F-11D3-BF4B-00C04F79EFBC}") = "Promotions.gRPC", "Promotions.gRPC\Promotions.gRPC.csproj", "{61532A52-0231-40D3-8A1C-67B492AB61AA}"
EndProject
Global
	GlobalSection(SolutionConfigurationPlatforms) = preSolution
		Debug|Any CPU = Debug|Any CPU
		Release|Any CPU = Release|Any CPU
	EndGlobalSection
	GlobalSection(ProjectConfigurationPlatforms) = postSolution
		{2B2EF84B-91A0-4FAE-BEA6-6FF504DBE0D7}.Debug|Any CPU.ActiveCfg = Debug|Any CPU
		{2B2EF84B-91A0-4FAE-BEA6-6FF504DBE0D7}.Debug|Any CPU.Build.0 = Debug|Any CPU
		{2B2EF84B-91A0-4FAE-BEA6-6FF504DBE0D7}.Release|Any CPU.ActiveCfg = Release|Any CPU
		{2B2EF84B-91A0-4FAE-BEA6-6FF504DBE0D7}.Release|Any CPU.Build.0 = Release|Any CPU
		{2DAE0DB8-ACFB-4701-9070-7EB3454AD9E9}.Debug|Any CPU.ActiveCfg = Debug|Any CPU
		{2DAE0DB8-ACFB-4701-9070-7EB3454AD9E9}.Debug|Any CPU.Build.0 = Debug|Any CPU
		{2DAE0DB8-ACFB-4701-9070-7EB3454AD9E9}.Release|Any CPU.ActiveCfg = Release|Any CPU
		{2DAE0DB8-ACFB-4701-9070-7EB3454AD9E9}.Release|Any CPU.Build.0 = Release|Any CPU
		{742176B2-7CD6-460D-B2C2-EB9488F4E619}.Debug|Any CPU.ActiveCfg = Debug|Any CPU
		{742176B2-7CD6-460D-B2C2-EB9488F4E619}.Debug|Any CPU.Build.0 = Debug|Any CPU
		{742176B2-7CD6-460D-B2C2-EB9488F4E619}.Release|Any CPU.ActiveCfg = Release|Any CPU
		{742176B2-7CD6-460D-B2C2-EB9488F4E619}.Release|Any CPU.Build.0 = Release|Any CPU
		{E57FF911-58DC-4CEA-AC23-56532DB51D18}.Debug|Any CPU.ActiveCfg = Debug|Any CPU
		{E57FF911-58DC-4CEA-AC23-56532DB51D18}.Debug|Any CPU.Build.0 = Debug|Any CPU
		{E57FF911-58DC-4CEA-AC23-56532DB51D18}.Release|Any CPU.ActiveCfg = Release|Any CPU
		{E57FF911-58DC-4CEA-AC23-56532DB51D18}.Release|Any CPU.Build.0 = Release|Any CPU
		{9D928099-43E2-4546-8932-D6E931CDB9D0}.Debug|Any CPU.ActiveCfg = Debug|Any CPU
		{9D928099-43E2-4546-8932-D6E931CDB9D0}.Debug|Any CPU.Build.0 = Debug|Any CPU
		{9D928099-43E2-4546-8932-D6E931CDB9D0}.Release|Any CPU.ActiveCfg = Release|Any CPU
		{9D928099-43E2-4546-8932-D6E931CDB9D0}.Release|Any CPU.Build.0 = Release|Any CPU
		{0A78CB3C-C6D3-4716-A2F8-5A6EB8376243}.Debug|Any CPU.ActiveCfg = Debug|Any CPU
		{0A78CB3C-C6D3-4716-A2F8-5A6EB8376243}.Debug|Any CPU.Build.0 = Debug|Any CPU
		{0A78CB3C-C6D3-4716-A2F8-5A6EB8376243}.Debug|Any CPU.Deploy.0 = Debug|Any CPU
		{0A78CB3C-C6D3-4716-A2F8-5A6EB8376243}.Release|Any CPU.ActiveCfg = Release|Any CPU
		{0A78CB3C-C6D3-4716-A2F8-5A6EB8376243}.Release|Any CPU.Build.0 = Release|Any CPU
		{0A78CB3C-C6D3-4716-A2F8-5A6EB8376243}.Release|Any CPU.Deploy.0 = Release|Any CPU
		{FF92B1F1-9219-42E2-BCD3-7851A020DF3F}.Debug|Any CPU.ActiveCfg = Debug|Any CPU
		{FF92B1F1-9219-42E2-BCD3-7851A020DF3F}.Debug|Any CPU.Build.0 = Debug|Any CPU
		{FF92B1F1-9219-42E2-BCD3-7851A020DF3F}.Release|Any CPU.ActiveCfg = Release|Any CPU
		{FF92B1F1-9219-42E2-BCD3-7851A020DF3F}.Release|Any CPU.Build.0 = Release|Any CPU
		{A3A2B321-36D1-4DBE-9B5C-4648015E6B6F}.Debug|Any CPU.ActiveCfg = Debug|Any CPU
		{A3A2B321-36D1-4DBE-9B5C-4648015E6B6F}.Debug|Any CPU.Build.0 = Debug|Any CPU
		{A3A2B321-36D1-4DBE-9B5C-4648015E6B6F}.Release|Any CPU.ActiveCfg = Release|Any CPU
		{A3A2B321-36D1-4DBE-9B5C-4648015E6B6F}.Release|Any CPU.Build.0 = Release|Any CPU
		{53B28299-9651-441E-B0A7-BCD916FD022F}.Debug|Any CPU.ActiveCfg = Debug|Any CPU
		{53B28299-9651-441E-B0A7-BCD916FD022F}.Debug|Any CPU.Build.0 = Debug|Any CPU
		{53B28299-9651-441E-B0A7-BCD916FD022F}.Release|Any CPU.ActiveCfg = Release|Any CPU
		{53B28299-9651-441E-B0A7-BCD916FD022F}.Release|Any CPU.Build.0 = Release|Any CPU
		{81E6EFB6-0C10-4414-9398-1234A2E5455C}.Debug|Any CPU.ActiveCfg = Debug|Any CPU
		{81E6EFB6-0C10-4414-9398-1234A2E5455C}.Debug|Any CPU.Build.0 = Debug|Any CPU
		{81E6EFB6-0C10-4414-9398-1234A2E5455C}.Release|Any CPU.ActiveCfg = Release|Any CPU
		{81E6EFB6-0C10-4414-9398-1234A2E5455C}.Release|Any CPU.Build.0 = Release|Any CPU
		{3158041A-F039-4DB4-98D2-FC0039F4FF38}.Debug|Any CPU.ActiveCfg = Debug|Any CPU
		{3158041A-F039-4DB4-98D2-FC0039F4FF38}.Debug|Any CPU.Build.0 = Debug|Any CPU
		{3158041A-F039-4DB4-98D2-FC0039F4FF38}.Release|Any CPU.ActiveCfg = Release|Any CPU
		{3158041A-F039-4DB4-98D2-FC0039F4FF38}.Release|Any CPU.Build.0 = Release|Any CPU
		{395AE2A1-11D4-4BA4-B8BF-E953AFBB2FE7}.Debug|Any CPU.ActiveCfg = Debug|Any CPU
		{395AE2A1-11D4-4BA4-B8BF-E953AFBB2FE7}.Debug|Any CPU.Build.0 = Debug|Any CPU
		{395AE2A1-11D4-4BA4-B8BF-E953AFBB2FE7}.Release|Any CPU.ActiveCfg = Release|Any CPU
		{395AE2A1-11D4-4BA4-B8BF-E953AFBB2FE7}.Release|Any CPU.Build.0 = Release|Any CPU
		{61532A52-0231-40D3-8A1C-67B492AB61AA}.Debug|Any CPU.ActiveCfg = Debug|Any CPU
		{61532A52-0231-40D3-8A1C-67B492AB61AA}.Debug|Any CPU.Build.0 = Debug|Any CPU
		{61532A52-0231-40D3-8A1C-67B492AB61AA}.Release|Any CPU.ActiveCfg = Release|Any CPU
		{61532A52-0231-40D3-8A1C-67B492AB61AA}.Release|Any CPU.Build.0 = Release|Any CPU
	EndGlobalSection
	GlobalSection(SolutionProperties) = preSolution
		HideSolutionNode = FALSE
	EndGlobalSection
	GlobalSection(NestedProjects) = preSolution
		{DA6A7C94-8839-462A-A104-CAD07972B115} = {C62B989F-6B36-4F30-A8F2-7E294757B281}
		{C7999BD4-D84B-4313-8D11-82944A75185E} = {C62B989F-6B36-4F30-A8F2-7E294757B281}
		{2B2EF84B-91A0-4FAE-BEA6-6FF504DBE0D7} = {DA6A7C94-8839-462A-A104-CAD07972B115}
		{2DAE0DB8-ACFB-4701-9070-7EB3454AD9E9} = {DA6A7C94-8839-462A-A104-CAD07972B115}
		{742176B2-7CD6-460D-B2C2-EB9488F4E619} = {DA6A7C94-8839-462A-A104-CAD07972B115}
		{E57FF911-58DC-4CEA-AC23-56532DB51D18} = {C7999BD4-D84B-4313-8D11-82944A75185E}
		{9D928099-43E2-4546-8932-D6E931CDB9D0} = {C7999BD4-D84B-4313-8D11-82944A75185E}
		{0A78CB3C-C6D3-4716-A2F8-5A6EB8376243} = {C7999BD4-D84B-4313-8D11-82944A75185E}
		{40246725-878A-4B47-9910-C2C86BB56DCF} = {C62B989F-6B36-4F30-A8F2-7E294757B281}
		{E22AB4B1-0BE1-4C55-94C8-FC7BE869CD45} = {40246725-878A-4B47-9910-C2C86BB56DCF}
		{FF92B1F1-9219-42E2-BCD3-7851A020DF3F} = {E22AB4B1-0BE1-4C55-94C8-FC7BE869CD45}
		{A3A2B321-36D1-4DBE-9B5C-4648015E6B6F} = {E22AB4B1-0BE1-4C55-94C8-FC7BE869CD45}
		{1C4EF546-B574-4EBF-9F51-0D2CEE7618C4} = {40246725-878A-4B47-9910-C2C86BB56DCF}
		{53B28299-9651-441E-B0A7-BCD916FD022F} = {1C4EF546-B574-4EBF-9F51-0D2CEE7618C4}
		{E0B3EB77-22C4-4129-8183-2DAADA14EB92} = {40246725-878A-4B47-9910-C2C86BB56DCF}
		{81E6EFB6-0C10-4414-9398-1234A2E5455C} = {E0B3EB77-22C4-4129-8183-2DAADA14EB92}
		{3BFFFE02-E05B-4D52-9816-573CB3D2F5E6} = {C62B989F-6B36-4F30-A8F2-7E294757B281}
		{3158041A-F039-4DB4-98D2-FC0039F4FF38} = {3BFFFE02-E05B-4D52-9816-573CB3D2F5E6}
		{395AE2A1-11D4-4BA4-B8BF-E953AFBB2FE7} = {3BFFFE02-E05B-4D52-9816-573CB3D2F5E6}
		{25BE2E2B-0C7D-4901-BD26-10020C535067} = {C62B989F-6B36-4F30-A8F2-7E294757B281}
		{61532A52-0231-40D3-8A1C-67B492AB61AA} = {25BE2E2B-0C7D-4901-BD26-10020C535067}
	EndGlobalSection
	GlobalSection(ExtensibilityGlobals) = postSolution
		SolutionGuid = {824E56A7-9630-4CC9-828E-F5FDE9AC5CAC}
	EndGlobalSection
EndGlobal
